// !$*UTF8*$!
{
	archiveVersion = 1;
	classes = {
	};
	objectVersion = 56;
	objects = {

/* Begin PBXBuildFile section */
		E5466E982B6B1D9D0058577A /* JournalView.swift in Sources */ = {isa = PBXBuildFile; fileRef = E5466E972B6B1D9D0058577A /* JournalView.swift */; };
		E5692E412B6EEAA9001E1885 /* AccountView.swift in Sources */ = {isa = PBXBuildFile; fileRef = E5692E402B6EEAA9001E1885 /* AccountView.swift */; };
		E578FE952B656A2B000BFFB7 /* Entry.swift in Sources */ = {isa = PBXBuildFile; fileRef = E578FE942B656A2B000BFFB7 /* Entry.swift */; };
		E578FE982B657040000BFFB7 /* EntryDetailedView.swift in Sources */ = {isa = PBXBuildFile; fileRef = E578FE972B657040000BFFB7 /* EntryDetailedView.swift */; };
		E578FE9A2B663958000BFFB7 /* Extensions.swift in Sources */ = {isa = PBXBuildFile; fileRef = E578FE992B663958000BFFB7 /* Extensions.swift */; };
		E578FE9C2B66D761000BFFB7 /* Journal.swift in Sources */ = {isa = PBXBuildFile; fileRef = E578FE9B2B66D761000BFFB7 /* Journal.swift */; };
		E578FE9E2B66D79D000BFFB7 /* User.swift in Sources */ = {isa = PBXBuildFile; fileRef = E578FE9D2B66D79D000BFFB7 /* User.swift */; };
		E578FEA12B6703F9000BFFB7 /* MainPageTabView.swift in Sources */ = {isa = PBXBuildFile; fileRef = E578FEA02B6703F9000BFFB7 /* MainPageTabView.swift */; };
		E578FEA32B67042A000BFFB7 /* MocData.swift in Sources */ = {isa = PBXBuildFile; fileRef = E578FEA22B67042A000BFFB7 /* MocData.swift */; };
		E578FEA72B670576000BFFB7 /* JournalListView.swift in Sources */ = {isa = PBXBuildFile; fileRef = E578FEA62B670576000BFFB7 /* JournalListView.swift */; };
		E578FEAC2B670783000BFFB7 /* EntryListView.swift in Sources */ = {isa = PBXBuildFile; fileRef = E578FEAB2B670783000BFFB7 /* EntryListView.swift */; };
		E5C0F3A72B5F2E2500AA8AB4 /* ReflectAIApp.swift in Sources */ = {isa = PBXBuildFile; fileRef = E5C0F3A62B5F2E2500AA8AB4 /* ReflectAIApp.swift */; };
		E5C0F3AD2B5F2E2700AA8AB4 /* Assets.xcassets in Resources */ = {isa = PBXBuildFile; fileRef = E5C0F3AC2B5F2E2700AA8AB4 /* Assets.xcassets */; };
		E5C0F3B02B5F2E2700AA8AB4 /* Preview Assets.xcassets in Resources */ = {isa = PBXBuildFile; fileRef = E5C0F3AF2B5F2E2700AA8AB4 /* Preview Assets.xcassets */; };
/* End PBXBuildFile section */

/* Begin PBXFileReference section */
		E5466E972B6B1D9D0058577A /* JournalView.swift */ = {isa = PBXFileReference; lastKnownFileType = sourcecode.swift; path = JournalView.swift; sourceTree = "<group>"; };
		E5692E402B6EEAA9001E1885 /* AccountView.swift */ = {isa = PBXFileReference; lastKnownFileType = sourcecode.swift; path = AccountView.swift; sourceTree = "<group>"; };
		E578FE942B656A2B000BFFB7 /* Entry.swift */ = {isa = PBXFileReference; lastKnownFileType = sourcecode.swift; path = Entry.swift; sourceTree = "<group>"; };
		E578FE972B657040000BFFB7 /* EntryDetailedView.swift */ = {isa = PBXFileReference; lastKnownFileType = sourcecode.swift; path = EntryDetailedView.swift; sourceTree = "<group>"; };
		E578FE992B663958000BFFB7 /* Extensions.swift */ = {isa = PBXFileReference; lastKnownFileType = sourcecode.swift; path = Extensions.swift; sourceTree = "<group>"; };
		E578FE9B2B66D761000BFFB7 /* Journal.swift */ = {isa = PBXFileReference; lastKnownFileType = sourcecode.swift; path = Journal.swift; sourceTree = "<group>"; };
		E578FE9D2B66D79D000BFFB7 /* User.swift */ = {isa = PBXFileReference; lastKnownFileType = sourcecode.swift; path = User.swift; sourceTree = "<group>"; };
		E578FEA02B6703F9000BFFB7 /* MainPageTabView.swift */ = {isa = PBXFileReference; lastKnownFileType = sourcecode.swift; path = MainPageTabView.swift; sourceTree = "<group>"; };
		E578FEA22B67042A000BFFB7 /* MocData.swift */ = {isa = PBXFileReference; lastKnownFileType = sourcecode.swift; path = MocData.swift; sourceTree = "<group>"; };
		E578FEA62B670576000BFFB7 /* JournalListView.swift */ = {isa = PBXFileReference; lastKnownFileType = sourcecode.swift; path = JournalListView.swift; sourceTree = "<group>"; };
		E578FEAB2B670783000BFFB7 /* EntryListView.swift */ = {isa = PBXFileReference; lastKnownFileType = sourcecode.swift; path = EntryListView.swift; sourceTree = "<group>"; };
		E5C0F3A32B5F2E2500AA8AB4 /* ReflectAI.app */ = {isa = PBXFileReference; explicitFileType = wrapper.application; includeInIndex = 0; path = ReflectAI.app; sourceTree = BUILT_PRODUCTS_DIR; };
		E5C0F3A62B5F2E2500AA8AB4 /* ReflectAIApp.swift */ = {isa = PBXFileReference; lastKnownFileType = sourcecode.swift; path = ReflectAIApp.swift; sourceTree = "<group>"; };
		E5C0F3AC2B5F2E2700AA8AB4 /* Assets.xcassets */ = {isa = PBXFileReference; lastKnownFileType = folder.assetcatalog; path = Assets.xcassets; sourceTree = "<group>"; };
		E5C0F3AF2B5F2E2700AA8AB4 /* Preview Assets.xcassets */ = {isa = PBXFileReference; lastKnownFileType = folder.assetcatalog; path = "Preview Assets.xcassets"; sourceTree = "<group>"; };
/* End PBXFileReference section */

/* Begin PBXFrameworksBuildPhase section */
		E5C0F3A02B5F2E2500AA8AB4 /* Frameworks */ = {
			isa = PBXFrameworksBuildPhase;
			buildActionMask = 2147483647;
			files = (
			);
			runOnlyForDeploymentPostprocessing = 0;
		};
/* End PBXFrameworksBuildPhase section */

/* Begin PBXGroup section */
		E5466E992B6B25F10058577A /* Journal */ = {
			isa = PBXGroup;
			children = (
				E578FEA52B670564000BFFB7 /* JournalListView */,
				E5466E972B6B1D9D0058577A /* JournalView.swift */,
				E578FE962B656FC9000BFFB7 /* EntryDetailedView */,
			);
			path = Journal;
			sourceTree = "<group>";
		};
		E5692E3F2B6EEA9E001E1885 /* Account */ = {
			isa = PBXGroup;
			children = (
				E5692E402B6EEAA9001E1885 /* AccountView.swift */,
			);
			path = Account;
			sourceTree = "<group>";
		};
		E578FE912B648005000BFFB7 /* Views */ = {
			isa = PBXGroup;
			children = (
				E5692E3F2B6EEA9E001E1885 /* Account */,
				E5466E992B6B25F10058577A /* Journal */,
				E578FEAA2B670763000BFFB7 /* Components */,
				E578FE9F2B6703E2000BFFB7 /* MainView */,
			);
			path = Views;
			sourceTree = "<group>";
		};
		E578FE922B64800A000BFFB7 /* Models */ = {
			isa = PBXGroup;
			children = (
				E578FE942B656A2B000BFFB7 /* Entry.swift */,
				E578FE9B2B66D761000BFFB7 /* Journal.swift */,
				E578FE9D2B66D79D000BFFB7 /* User.swift */,
			);
			path = Models;
			sourceTree = "<group>";
		};
		E578FE932B648014000BFFB7 /* Utilities */ = {
			isa = PBXGroup;
			children = (
				E578FE992B663958000BFFB7 /* Extensions.swift */,
				E578FEA22B67042A000BFFB7 /* MocData.swift */,
			);
			path = Utilities;
			sourceTree = "<group>";
		};
		E578FE962B656FC9000BFFB7 /* EntryDetailedView */ = {
			isa = PBXGroup;
			children = (
				E578FE972B657040000BFFB7 /* EntryDetailedView.swift */,
			);
			path = EntryDetailedView;
			sourceTree = "<group>";
		};
		E578FE9F2B6703E2000BFFB7 /* MainView */ = {
			isa = PBXGroup;
			children = (
				E578FEA02B6703F9000BFFB7 /* MainPageTabView.swift */,
			);
			path = MainView;
			sourceTree = "<group>";
		};
		E578FEA52B670564000BFFB7 /* JournalListView */ = {
			isa = PBXGroup;
			children = (
				E578FEA62B670576000BFFB7 /* JournalListView.swift */,
				E578FEAB2B670783000BFFB7 /* EntryListView.swift */,
			);
			path = JournalListView;
			sourceTree = "<group>";
		};
		E578FEAA2B670763000BFFB7 /* Components */ = {
			isa = PBXGroup;
			children = (
			);
			path = Components;
			sourceTree = "<group>";
		};
		E5C0F39A2B5F2E2500AA8AB4 = {
			isa = PBXGroup;
			children = (
				E5C0F3A52B5F2E2500AA8AB4 /* ReflectAI */,
				E5C0F3A42B5F2E2500AA8AB4 /* Products */,
			);
			sourceTree = "<group>";
		};
		E5C0F3A42B5F2E2500AA8AB4 /* Products */ = {
			isa = PBXGroup;
			children = (
				E5C0F3A32B5F2E2500AA8AB4 /* ReflectAI.app */,
			);
			name = Products;
			sourceTree = "<group>";
		};
		E5C0F3A52B5F2E2500AA8AB4 /* ReflectAI */ = {
			isa = PBXGroup;
			children = (
				E578FE932B648014000BFFB7 /* Utilities */,
				E578FE922B64800A000BFFB7 /* Models */,
				E578FE912B648005000BFFB7 /* Views */,
				E5C0F3A62B5F2E2500AA8AB4 /* ReflectAIApp.swift */,
				E5C0F3AC2B5F2E2700AA8AB4 /* Assets.xcassets */,
				E5C0F3AE2B5F2E2700AA8AB4 /* Preview Content */,
			);
			path = ReflectAI;
			sourceTree = "<group>";
		};
		E5C0F3AE2B5F2E2700AA8AB4 /* Preview Content */ = {
			isa = PBXGroup;
			children = (
				E5C0F3AF2B5F2E2700AA8AB4 /* Preview Assets.xcassets */,
			);
			path = "Preview Content";
			sourceTree = "<group>";
		};
/* End PBXGroup section */

/* Begin PBXNativeTarget section */
		E5C0F3A22B5F2E2500AA8AB4 /* ReflectAI */ = {
			isa = PBXNativeTarget;
			buildConfigurationList = E5C0F3B32B5F2E2700AA8AB4 /* Build configuration list for PBXNativeTarget "ReflectAI" */;
			buildPhases = (
				E5C0F39F2B5F2E2500AA8AB4 /* Sources */,
				E5C0F3A02B5F2E2500AA8AB4 /* Frameworks */,
				E5C0F3A12B5F2E2500AA8AB4 /* Resources */,
			);
			buildRules = (
			);
			dependencies = (
			);
			name = ReflectAI;
			productName = ReflectAI;
			productReference = E5C0F3A32B5F2E2500AA8AB4 /* ReflectAI.app */;
			productType = "com.apple.product-type.application";
		};
/* End PBXNativeTarget section */

/* Begin PBXProject section */
		E5C0F39B2B5F2E2500AA8AB4 /* Project object */ = {
			isa = PBXProject;
			attributes = {
				BuildIndependentTargetsInParallel = 1;
				LastSwiftUpdateCheck = 1520;
				LastUpgradeCheck = 1520;
				TargetAttributes = {
					E5C0F3A22B5F2E2500AA8AB4 = {
						CreatedOnToolsVersion = 15.2;
					};
				};
			};
			buildConfigurationList = E5C0F39E2B5F2E2500AA8AB4 /* Build configuration list for PBXProject "ReflectAI" */;
			compatibilityVersion = "Xcode 14.0";
			developmentRegion = en;
			hasScannedForEncodings = 0;
			knownRegions = (
				en,
				Base,
			);
			mainGroup = E5C0F39A2B5F2E2500AA8AB4;
			productRefGroup = E5C0F3A42B5F2E2500AA8AB4 /* Products */;
			projectDirPath = "";
			projectRoot = "";
			targets = (
				E5C0F3A22B5F2E2500AA8AB4 /* ReflectAI */,
			);
		};
/* End PBXProject section */

/* Begin PBXResourcesBuildPhase section */
		E5C0F3A12B5F2E2500AA8AB4 /* Resources */ = {
			isa = PBXResourcesBuildPhase;
			buildActionMask = 2147483647;
			files = (
				E5C0F3B02B5F2E2700AA8AB4 /* Preview Assets.xcassets in Resources */,
				E5C0F3AD2B5F2E2700AA8AB4 /* Assets.xcassets in Resources */,
			);
			runOnlyForDeploymentPostprocessing = 0;
		};
/* End PBXResourcesBuildPhase section */

/* Begin PBXSourcesBuildPhase section */
		E5C0F39F2B5F2E2500AA8AB4 /* Sources */ = {
			isa = PBXSourcesBuildPhase;
			buildActionMask = 2147483647;
			files = (
				E5692E412B6EEAA9001E1885 /* AccountView.swift in Sources */,
				E578FE952B656A2B000BFFB7 /* Entry.swift in Sources */,
				E578FEA32B67042A000BFFB7 /* MocData.swift in Sources */,
				E578FE9A2B663958000BFFB7 /* Extensions.swift in Sources */,
				E578FEA12B6703F9000BFFB7 /* MainPageTabView.swift in Sources */,
				E578FE982B657040000BFFB7 /* EntryDetailedView.swift in Sources */,
				E578FE9E2B66D79D000BFFB7 /* User.swift in Sources */,
				E578FEA72B670576000BFFB7 /* JournalListView.swift in Sources */,
				E578FEAC2B670783000BFFB7 /* EntryListView.swift in Sources */,
				E578FE9C2B66D761000BFFB7 /* Journal.swift in Sources */,
				E5466E982B6B1D9D0058577A /* JournalView.swift in Sources */,
				E5C0F3A72B5F2E2500AA8AB4 /* ReflectAIApp.swift in Sources */,
			);
			runOnlyForDeploymentPostprocessing = 0;
		};
/* End PBXSourcesBuildPhase section */

/* Begin XCBuildConfiguration section */
		E5C0F3B12B5F2E2700AA8AB4 /* Debug */ = {
			isa = XCBuildConfiguration;
			buildSettings = {
				ALWAYS_SEARCH_USER_PATHS = NO;
				ASSETCATALOG_COMPILER_GENERATE_SWIFT_ASSET_SYMBOL_EXTENSIONS = YES;
				CLANG_ANALYZER_NONNULL = YES;
				CLANG_ANALYZER_NUMBER_OBJECT_CONVERSION = YES_AGGRESSIVE;
				CLANG_CXX_LANGUAGE_STANDARD = "gnu++20";
				CLANG_ENABLE_MODULES = YES;
				CLANG_ENABLE_OBJC_ARC = YES;
				CLANG_ENABLE_OBJC_WEAK = YES;
				CLANG_WARN_BLOCK_CAPTURE_AUTORELEASING = YES;
				CLANG_WARN_BOOL_CONVERSION = YES;
				CLANG_WARN_COMMA = YES;
				CLANG_WARN_CONSTANT_CONVERSION = YES;
				CLANG_WARN_DEPRECATED_OBJC_IMPLEMENTATIONS = YES;
				CLANG_WARN_DIRECT_OBJC_ISA_USAGE = YES_ERROR;
				CLANG_WARN_DOCUMENTATION_COMMENTS = YES;
				CLANG_WARN_EMPTY_BODY = YES;
				CLANG_WARN_ENUM_CONVERSION = YES;
				CLANG_WARN_INFINITE_RECURSION = YES;
				CLANG_WARN_INT_CONVERSION = YES;
				CLANG_WARN_NON_LITERAL_NULL_CONVERSION = YES;
				CLANG_WARN_OBJC_IMPLICIT_RETAIN_SELF = YES;
				CLANG_WARN_OBJC_LITERAL_CONVERSION = YES;
				CLANG_WARN_OBJC_ROOT_CLASS = YES_ERROR;
				CLANG_WARN_QUOTED_INCLUDE_IN_FRAMEWORK_HEADER = YES;
				CLANG_WARN_RANGE_LOOP_ANALYSIS = YES;
				CLANG_WARN_STRICT_PROTOTYPES = YES;
				CLANG_WARN_SUSPICIOUS_MOVE = YES;
				CLANG_WARN_UNGUARDED_AVAILABILITY = YES_AGGRESSIVE;
				CLANG_WARN_UNREACHABLE_CODE = YES;
				CLANG_WARN__DUPLICATE_METHOD_MATCH = YES;
				COPY_PHASE_STRIP = NO;
				DEBUG_INFORMATION_FORMAT = dwarf;
				ENABLE_STRICT_OBJC_MSGSEND = YES;
				ENABLE_TESTABILITY = YES;
				ENABLE_USER_SCRIPT_SANDBOXING = YES;
				GCC_C_LANGUAGE_STANDARD = gnu17;
				GCC_DYNAMIC_NO_PIC = NO;
				GCC_NO_COMMON_BLOCKS = YES;
				GCC_OPTIMIZATION_LEVEL = 0;
				GCC_PREPROCESSOR_DEFINITIONS = (
					"DEBUG=1",
					"$(inherited)",
				);
				GCC_WARN_64_TO_32_BIT_CONVERSION = YES;
				GCC_WARN_ABOUT_RETURN_TYPE = YES_ERROR;
				GCC_WARN_UNDECLARED_SELECTOR = YES;
				GCC_WARN_UNINITIALIZED_AUTOS = YES_AGGRESSIVE;
				GCC_WARN_UNUSED_FUNCTION = YES;
				GCC_WARN_UNUSED_VARIABLE = YES;
				IPHONEOS_DEPLOYMENT_TARGET = 17.2;
				LOCALIZATION_PREFERS_STRING_CATALOGS = YES;
				MTL_ENABLE_DEBUG_INFO = INCLUDE_SOURCE;
				MTL_FAST_MATH = YES;
				ONLY_ACTIVE_ARCH = YES;
				SDKROOT = iphoneos;
				SWIFT_ACTIVE_COMPILATION_CONDITIONS = "DEBUG $(inherited)";
				SWIFT_OPTIMIZATION_LEVEL = "-Onone";
			};
			name = Debug;
		};
		E5C0F3B22B5F2E2700AA8AB4 /* Release */ = {
			isa = XCBuildConfiguration;
			buildSettings = {
				ALWAYS_SEARCH_USER_PATHS = NO;
				ASSETCATALOG_COMPILER_GENERATE_SWIFT_ASSET_SYMBOL_EXTENSIONS = YES;
				CLANG_ANALYZER_NONNULL = YES;
				CLANG_ANALYZER_NUMBER_OBJECT_CONVERSION = YES_AGGRESSIVE;
				CLANG_CXX_LANGUAGE_STANDARD = "gnu++20";
				CLANG_ENABLE_MODULES = YES;
				CLANG_ENABLE_OBJC_ARC = YES;
				CLANG_ENABLE_OBJC_WEAK = YES;
				CLANG_WARN_BLOCK_CAPTURE_AUTORELEASING = YES;
				CLANG_WARN_BOOL_CONVERSION = YES;
				CLANG_WARN_COMMA = YES;
				CLANG_WARN_CONSTANT_CONVERSION = YES;
				CLANG_WARN_DEPRECATED_OBJC_IMPLEMENTATIONS = YES;
				CLANG_WARN_DIRECT_OBJC_ISA_USAGE = YES_ERROR;
				CLANG_WARN_DOCUMENTATION_COMMENTS = YES;
				CLANG_WARN_EMPTY_BODY = YES;
				CLANG_WARN_ENUM_CONVERSION = YES;
				CLANG_WARN_INFINITE_RECURSION = YES;
				CLANG_WARN_INT_CONVERSION = YES;
				CLANG_WARN_NON_LITERAL_NULL_CONVERSION = YES;
				CLANG_WARN_OBJC_IMPLICIT_RETAIN_SELF = YES;
				CLANG_WARN_OBJC_LITERAL_CONVERSION = YES;
				CLANG_WARN_OBJC_ROOT_CLASS = YES_ERROR;
				CLANG_WARN_QUOTED_INCLUDE_IN_FRAMEWORK_HEADER = YES;
				CLANG_WARN_RANGE_LOOP_ANALYSIS = YES;
				CLANG_WARN_STRICT_PROTOTYPES = YES;
				CLANG_WARN_SUSPICIOUS_MOVE = YES;
				CLANG_WARN_UNGUARDED_AVAILABILITY = YES_AGGRESSIVE;
				CLANG_WARN_UNREACHABLE_CODE = YES;
				CLANG_WARN__DUPLICATE_METHOD_MATCH = YES;
				COPY_PHASE_STRIP = NO;
				DEBUG_INFORMATION_FORMAT = "dwarf-with-dsym";
				ENABLE_NS_ASSERTIONS = NO;
				ENABLE_STRICT_OBJC_MSGSEND = YES;
				ENABLE_USER_SCRIPT_SANDBOXING = YES;
				GCC_C_LANGUAGE_STANDARD = gnu17;
				GCC_NO_COMMON_BLOCKS = YES;
				GCC_WARN_64_TO_32_BIT_CONVERSION = YES;
				GCC_WARN_ABOUT_RETURN_TYPE = YES_ERROR;
				GCC_WARN_UNDECLARED_SELECTOR = YES;
				GCC_WARN_UNINITIALIZED_AUTOS = YES_AGGRESSIVE;
				GCC_WARN_UNUSED_FUNCTION = YES;
				GCC_WARN_UNUSED_VARIABLE = YES;
				IPHONEOS_DEPLOYMENT_TARGET = 17.2;
				LOCALIZATION_PREFERS_STRING_CATALOGS = YES;
				MTL_ENABLE_DEBUG_INFO = NO;
				MTL_FAST_MATH = YES;
				SDKROOT = iphoneos;
				SWIFT_COMPILATION_MODE = wholemodule;
				VALIDATE_PRODUCT = YES;
			};
			name = Release;
		};
		E5C0F3B42B5F2E2700AA8AB4 /* Debug */ = {
			isa = XCBuildConfiguration;
			buildSettings = {
				ASSETCATALOG_COMPILER_APPICON_NAME = AppIcon;
				ASSETCATALOG_COMPILER_GLOBAL_ACCENT_COLOR_NAME = AccentColor;
				CODE_SIGN_STYLE = Automatic;
				CURRENT_PROJECT_VERSION = 1;
				DEVELOPMENT_ASSET_PATHS = "\"ReflectAI/Preview Content\"";
				DEVELOPMENT_TEAM = 6RX3N6LDB9;
				ENABLE_PREVIEWS = YES;
				GENERATE_INFOPLIST_FILE = YES;
				INFOPLIST_KEY_UIApplicationSceneManifest_Generation = YES;
				INFOPLIST_KEY_UIApplicationSupportsIndirectInputEvents = YES;
				INFOPLIST_KEY_UILaunchScreen_Generation = YES;
				INFOPLIST_KEY_UISupportedInterfaceOrientations_iPad = "UIInterfaceOrientationPortrait UIInterfaceOrientationPortraitUpsideDown UIInterfaceOrientationLandscapeLeft UIInterfaceOrientationLandscapeRight";
				INFOPLIST_KEY_UISupportedInterfaceOrientations_iPhone = "UIInterfaceOrientationPortrait UIInterfaceOrientationLandscapeLeft UIInterfaceOrientationLandscapeRight";
				LD_RUNPATH_SEARCH_PATHS = (
					"$(inherited)",
					"@executable_path/Frameworks",
				);
				MARKETING_VERSION = 1.0;
				PRODUCT_BUNDLE_IDENTIFIER = ca.mayank.ReflectAI;
				PRODUCT_NAME = "$(TARGET_NAME)";
				SWIFT_EMIT_LOC_STRINGS = YES;
				SWIFT_VERSION = 5.0;
				TARGETED_DEVICE_FAMILY = "1,2";
			};
			name = Debug;
		};
		E5C0F3B52B5F2E2700AA8AB4 /* Release */ = {
			isa = XCBuildConfiguration;
			buildSettings = {
				ASSETCATALOG_COMPILER_APPICON_NAME = AppIcon;
				ASSETCATALOG_COMPILER_GLOBAL_ACCENT_COLOR_NAME = AccentColor;
				CODE_SIGN_STYLE = Automatic;
				CURRENT_PROJECT_VERSION = 1;
				DEVELOPMENT_ASSET_PATHS = "\"ReflectAI/Preview Content\"";
				DEVELOPMENT_TEAM = 6RX3N6LDB9;
				ENABLE_PREVIEWS = YES;
				GENERATE_INFOPLIST_FILE = YES;
				INFOPLIST_KEY_UIApplicationSceneManifest_Generation = YES;
				INFOPLIST_KEY_UIApplicationSupportsIndirectInputEvents = YES;
				INFOPLIST_KEY_UILaunchScreen_Generation = YES;
				INFOPLIST_KEY_UISupportedInterfaceOrientations_iPad = "UIInterfaceOrientationPortrait UIInterfaceOrientationPortraitUpsideDown UIInterfaceOrientationLandscapeLeft UIInterfaceOrientationLandscapeRight";
				INFOPLIST_KEY_UISupportedInterfaceOrientations_iPhone = "UIInterfaceOrientationPortrait UIInterfaceOrientationLandscapeLeft UIInterfaceOrientationLandscapeRight";
				LD_RUNPATH_SEARCH_PATHS = (
					"$(inherited)",
					"@executable_path/Frameworks",
				);
				MARKETING_VERSION = 1.0;
				PRODUCT_BUNDLE_IDENTIFIER = ca.mayank.ReflectAI;
				PRODUCT_NAME = "$(TARGET_NAME)";
				SWIFT_EMIT_LOC_STRINGS = YES;
				SWIFT_VERSION = 5.0;
				TARGETED_DEVICE_FAMILY = "1,2";
			};
			name = Release;
		};
/* End XCBuildConfiguration section */

/* Begin XCConfigurationList section */
		E5C0F39E2B5F2E2500AA8AB4 /* Build configuration list for PBXProject "ReflectAI" */ = {
			isa = XCConfigurationList;
			buildConfigurations = (
				E5C0F3B12B5F2E2700AA8AB4 /* Debug */,
				E5C0F3B22B5F2E2700AA8AB4 /* Release */,
			);
			defaultConfigurationIsVisible = 0;
			defaultConfigurationName = Release;
		};
		E5C0F3B32B5F2E2700AA8AB4 /* Build configuration list for PBXNativeTarget "ReflectAI" */ = {
			isa = XCConfigurationList;
			buildConfigurations = (
				E5C0F3B42B5F2E2700AA8AB4 /* Debug */,
				E5C0F3B52B5F2E2700AA8AB4 /* Release */,
			);
			defaultConfigurationIsVisible = 0;
			defaultConfigurationName = Release;
		};
/* End XCConfigurationList section */
	};
	rootObject = E5C0F39B2B5F2E2500AA8AB4 /* Project object */;
}
